<Solution>
  <Folder Name="/src/" />
  <Folder Name="/src/Core/">
    <Project Path="src/Core/ScadaDarbox.Core.csproj" />
  </Folder>
  <Folder Name="/src/EdgeAgent/">
    <Project Path="src/EdgeAgent/ScadaDarbox.EdgeAgent.csproj" />
  </Folder>
  <Folder Name="/src/Gateway/">
    <Project Path="src/Gateway/ScadaDarbox.Gateway.csproj" />
  </Folder>
  <Folder Name="/src/Migrator/">
    <Project Path="src/Migrator/ScadaDarbox.Migrator.csproj" />
  </Folder>
  <Folder Name="/src/Modules/" />
  <Folder Name="/src/Modules/Drivers.Modbus/">
    <Project Path="src/Modules/Drivers.Modbus/ScadaDarbox.Modules.Drivers.Modbus.csproj" />
  </Folder>
  <Folder Name="/src/Modules/Drivers.Mqtt/">
    <Project Path="src/Modules/Drivers.Mqtt/ScadaDarbox.Modules.Drivers.Mqtt.csproj" />
  </Folder>
  <Folder Name="/src/Modules/Drivers.OpcUa/">
    <Project Path="src/Modules/Drivers.OpcUa/ScadaDarbox.Modules.Drivers.OpcUa.csproj" />
  </Folder>
  <Folder Name="/src/Persistence.TimescaleDb/">
    <Project Path="src/Persistence.TimescaleDb/ScadaDarbox.Persistence.TimescaleDb.csproj" />
  </Folder>
  <Folder Name="/tests/" />
  <Folder Name="/tests/Core.Tests/">
    <Project Path="tests/Core.Tests/ScadaDarbox.Core.Tests.csproj" />
  </Folder>
  <Folder Name="/tests/Drivers.Modbus.Tests/">
    <Project Path="tests/Drivers.Modbus.Tests/ScadaDarbox.Drivers.Modbus.Tests.csproj" />
  </Folder>
  <Folder Name="/tests/Drivers.Mqtt.Tests/">
    <Project Path="tests/Drivers.Mqtt.Tests/ScadaDarbox.Drivers.Mqtt.Tests.csproj" />
  </Folder>
  <Folder Name="/tests/Drivers.OpcUa.Tests/">
    <Project Path="tests/Drivers.OpcUa.Tests/ScadaDarbox.Drivers.OpcUa.Tests.csproj" />
  </Folder>
  <Folder Name="/tests/EdgeAgent.CrashWriter/">
    <Project Path="tests/EdgeAgent.CrashWriter/ScadaDarbox.EdgeAgent.CrashWriter.csproj" />
  </Folder>
  <Folder Name="/tests/EdgeAgent.Tests/">
    <Project Path="tests/EdgeAgent.Tests/ScadaDarbox.EdgeAgent.Tests.csproj" />
  </Folder>
  <Folder Name="/tests/Gateway.Tests/">
    <Project Path="tests/Gateway.Tests/ScadaDarbox.Gateway.Tests.csproj" />
  </Folder>
  <Folder Name="/tests/Persistence.Tests/">
    <Project Path="tests/Persistence.Tests/ScadaDarbox.Persistence.Tests.csproj" />
  </Folder>
  <Folder Name="/tools/" />
  <Folder Name="/tools/ModbusSimulator/">
    <Project Path="tools/ModbusSimulator/ScadaDarbox.Tools.ModbusSimulator.csproj" />
  </Folder>
  <Folder Name="/tools/OpcUaSimulator/">
    <Project Path="tools/OpcUaSimulator/ScadaDarbox.Tools.OpcUaSimulator.csproj" />
  </Folder>
</Solution>
